
Microsoft Visual Studio Solution File, Format Version 12.00
# Visual Studio 15
VisualStudioVersion = 15.0.28307.960
MinimumVisualStudioVersion = 10.0.40219.1
Project("{9A19103F-16F7-4668-BE54-9A1E7A4F7556}") = "ShoppingCart", "ShoppingCart\ShoppingCart.csproj", "{FB5C7F56-ED7D-4C7E-8407-470845B09773}"
EndProject
Project("{9A19103F-16F7-4668-BE54-9A1E7A4F7556}") = "Tests", "Tests\Tests.csproj", "{92E81A34-FAA0-4183-81F8-FEA019D83A64}"
EndProject
Global
	GlobalSection(SolutionConfigurationPlatforms) = preSolution
		Debug|Any CPU = Debug|Any CPU
		Release|Any CPU = Release|Any CPU
	EndGlobalSection
	GlobalSection(ProjectConfigurationPlatforms) = postSolution
		{FB5C7F56-ED7D-4C7E-8407-470845B09773}.Debug|Any CPU.ActiveCfg = Debug|Any CPU
		{FB5C7F56-ED7D-4C7E-8407-470845B09773}.Debug|Any CPU.Build.0 = Debug|Any CPU
		{FB5C7F56-ED7D-4C7E-8407-470845B09773}.Release|Any CPU.ActiveCfg = Release|Any CPU
		{FB5C7F56-ED7D-4C7E-8407-470845B09773}.Release|Any CPU.Build.0 = Release|Any CPU
		{92E81A34-FAA0-4183-81F8-FEA019D83A64}.Debug|Any CPU.ActiveCfg = Debug|Any CPU
		{92E81A34-FAA0-4183-81F8-FEA019D83A64}.Debug|Any CPU.Build.0 = Debug|Any CPU
		{92E81A34-FAA0-4183-81F8-FEA019D83A64}.Release|Any CPU.ActiveCfg = Release|Any CPU
		{92E81A34-FAA0-4183-81F8-FEA019D83A64}.Release|Any CPU.Build.0 = Release|Any CPU
	EndGlobalSection
	GlobalSection(SolutionProperties) = preSolution
		HideSolutionNode = FALSE
	EndGlobalSection
	GlobalSection(ExtensibilityGlobals) = postSolution
		SolutionGuid = {ECADC62E-7ED9-499C-969C-3D8B3B3057E1}
	EndGlobalSection
EndGlobal
